
Microsoft Visual Studio Solution File, Format Version 12.00
# Visual Studio Version 17
VisualStudioVersion = 17.11.35312.102
MinimumVisualStudioVersion = 10.0.40219.1
Project("{FAE04EC0-301F-11D3-BF4B-00C04F79EFBC}") = "Itmo.Mvc.StudentsJournal", "Itmo.Mvc.StudentsJournal.csproj", "{8052E440-2C65-4558-AAA3-03834CE5B7F4}"
EndProject
Global
	GlobalSection(SolutionConfigurationPlatforms) = preSolution
		Debug|Any CPU = Debug|Any CPU
		Release|Any CPU = Release|Any CPU
	EndGlobalSection
	GlobalSection(ProjectConfigurationPlatforms) = postSolution
		{8052E440-2C65-4558-AAA3-03834CE5B7F4}.Debug|Any CPU.ActiveCfg = Debug|Any CPU
		{8052E440-2C65-4558-AAA3-03834CE5B7F4}.Debug|Any CPU.Build.0 = Debug|Any CPU
		{8052E440-2C65-4558-AAA3-03834CE5B7F4}.Release|Any CPU.ActiveCfg = Release|Any CPU
		{8052E440-2C65-4558-AAA3-03834CE5B7F4}.Release|Any CPU.Build.0 = Release|Any CPU
	EndGlobalSection
	GlobalSection(SolutionProperties) = preSolution
		HideSolutionNode = FALSE
	EndGlobalSection
	GlobalSection(ExtensibilityGlobals) = postSolution
		SolutionGuid = {582E25AA-FFE4-4FB1-A616-1FE8D4CC6466}
	EndGlobalSection
EndGlobal
